// !$*UTF8*$!
{
	archiveVersion = 1;
	classes = {
	};
	objectVersion = 46;
	objects = {

/* Begin PBXBuildFile section */
		60CAA6F51AFABA8B00DE3305 /* Tasks.storyboard in Resources */ = {isa = PBXBuildFile; fileRef = 60CAA6F41AFABA8B00DE3305 /* Tasks.storyboard */; };
		60CAA7001AFAD4EB00DE3305 /* TasksTableViewController.m in Sources */ = {isa = PBXBuildFile; fileRef = 60CAA6FF1AFAD4EB00DE3305 /* TasksTableViewController.m */; };
		60CAA7031AFAD50F00DE3305 /* TaskViewController.m in Sources */ = {isa = PBXBuildFile; fileRef = 60CAA7021AFAD50F00DE3305 /* TaskViewController.m */; };
		60CAA70D1AFD2DE900DE3305 /* TasksViewController.m in Sources */ = {isa = PBXBuildFile; fileRef = 60CAA70C1AFD2DE900DE3305 /* TasksViewController.m */; };
		60F1E4291A424E6E009B380E /* ActivitiesTableViewController.m in Sources */ = {isa = PBXBuildFile; fileRef = 60F1E4281A424E6E009B380E /* ActivitiesTableViewController.m */; };
		60F1E4301A425D8F009B380E /* ActivityViewController.m in Sources */ = {isa = PBXBuildFile; fileRef = 60F1E42F1A425D8F009B380E /* ActivityViewController.m */; };
		8009F9E41ACB461700698B50 /* Consent.storyboard in Resources */ = {isa = PBXBuildFile; fileRef = 8009F9E21ACB461700698B50 /* Consent.storyboard */; };
		8009F9EE1ACB47C400698B50 /* ConsentViewController.m in Sources */ = {isa = PBXBuildFile; fileRef = 8009F9ED1ACB47C400698B50 /* ConsentViewController.m */; };
		800E798F19EDE25600EEE612 /* SurveyViewController.m in Sources */ = {isa = PBXBuildFile; fileRef = 800E798E19EDE25600EEE612 /* SurveyViewController.m */; };
		800E79AB19F1987F00EEE612 /* cat.jpg in Resources */ = {isa = PBXBuildFile; fileRef = 800E79AA19F1987F00EEE612 /* cat.jpg */; };
		800E79B219F1B1FE00EEE612 /* Main.storyboard in Resources */ = {isa = PBXBuildFile; fileRef = 80855FAB19BFAA36006601C7 /* Main.storyboard */; };
		800E79B319F1B1FE00EEE612 /* SignUpSignIn.storyboard in Resources */ = {isa = PBXBuildFile; fileRef = 80A7318319C9D3F8007FE828 /* SignUpSignIn.storyboard */; };
		800E79B419F1B1FE00EEE612 /* UserProfile.storyboard in Resources */ = {isa = PBXBuildFile; fileRef = 809BE5B319DB4A9E00A8E72F /* UserProfile.storyboard */; };
		800E79B519F1B1FE00EEE612 /* Survey.storyboard in Resources */ = {isa = PBXBuildFile; fileRef = 800E798A19EDE22300EEE612 /* Survey.storyboard */; };
		800E79BC19F1B37600EEE612 /* BridgeSDK.framework in Frameworks */ = {isa = PBXBuildFile; fileRef = 800E79A519F18DB200EEE612 /* BridgeSDK.framework */; };
		800E79BD19F1B37600EEE612 /* BridgeSDK.framework in Embed Frameworks */ = {isa = PBXBuildFile; fileRef = 800E79A519F18DB200EEE612 /* BridgeSDK.framework */; settings = {ATTRIBUTES = (CodeSignOnCopy, RemoveHeadersOnCopy, ); }; };
		8053B62119FEF2D900A2E6C4 /* Schedule.storyboard in Resources */ = {isa = PBXBuildFile; fileRef = 8053B61F19FEF2D900A2E6C4 /* Schedule.storyboard */; };
		8053B62819FEF30D00A2E6C4 /* ScheduleViewController.m in Sources */ = {isa = PBXBuildFile; fileRef = 8053B62719FEF30D00A2E6C4 /* ScheduleViewController.m */; };
		80855F9E19BFAA36006601C7 /* main.m in Sources */ = {isa = PBXBuildFile; fileRef = 80855F9D19BFAA36006601C7 /* main.m */; };
		80855FAF19BFAA36006601C7 /* Images.xcassets in Resources */ = {isa = PBXBuildFile; fileRef = 80855FAE19BFAA36006601C7 /* Images.xcassets */; };
		80855FBB19BFAA36006601C7 /* BridgeSDKSampleTests.m in Sources */ = {isa = PBXBuildFile; fileRef = 80855FBA19BFAA36006601C7 /* BridgeSDKSampleTests.m */; };
		808822881A01993A003E78BF /* SchedulesTableViewController.m in Sources */ = {isa = PBXBuildFile; fileRef = 8053B62A19FEF69900A2E6C4 /* SchedulesTableViewController.m */; };
		809BE5AF19DB49C500A8E72F /* UserProfileViewController.m in Sources */ = {isa = PBXBuildFile; fileRef = 809BE5AE19DB49C500A8E72F /* UserProfileViewController.m */; };
		80A7318919C9D61E007FE828 /* SignUpSignInViewController.m in Sources */ = {isa = PBXBuildFile; fileRef = 80A7318819C9D61E007FE828 /* SignUpSignInViewController.m */; };
		D4FA38061A2B14AC00E7CF1E /* sample-signature.png in Resources */ = {isa = PBXBuildFile; fileRef = D4FA38051A2B14AC00E7CF1E /* sample-signature.png */; };
		F5AF857C19F970700007296A /* ViewController.m in Sources */ = {isa = PBXBuildFile; fileRef = F5AF857B19F970700007296A /* ViewController.m */; };
		F5AF857F19F9708A0007296A /* AppDelegate.m in Sources */ = {isa = PBXBuildFile; fileRef = F5AF857E19F9708A0007296A /* AppDelegate.m */; };
/* End PBXBuildFile section */

/* Begin PBXContainerItemProxy section */
		800E79A419F18DB200EEE612 /* PBXContainerItemProxy */ = {
			isa = PBXContainerItemProxy;
			containerPortal = 80855FC419BFAA55006601C7 /* BridgeSDK.xcodeproj */;
			proxyType = 2;
			remoteGlobalIDString = 80855F5019BE258C006601C7;
			remoteInfo = BridgeSDK;
		};
		800E79A619F18DB200EEE612 /* PBXContainerItemProxy */ = {
			isa = PBXContainerItemProxy;
			containerPortal = 80855FC419BFAA55006601C7 /* BridgeSDK.xcodeproj */;
			proxyType = 2;
			remoteGlobalIDString = 80855F5B19BE258C006601C7;
			remoteInfo = BridgeSDKTests;
		};
		800E79B919F1B35F00EEE612 /* PBXContainerItemProxy */ = {
			isa = PBXContainerItemProxy;
			containerPortal = 80855FC419BFAA55006601C7 /* BridgeSDK.xcodeproj */;
			proxyType = 1;
			remoteGlobalIDString = 80855F4F19BE258C006601C7;
			remoteInfo = BridgeSDK;
		};
		800E79BE19F1B37700EEE612 /* PBXContainerItemProxy */ = {
			isa = PBXContainerItemProxy;
			containerPortal = 80855FC419BFAA55006601C7 /* BridgeSDK.xcodeproj */;
			proxyType = 1;
			remoteGlobalIDString = 80855F4F19BE258C006601C7;
			remoteInfo = BridgeSDK;
		};
		80855FB519BFAA36006601C7 /* PBXContainerItemProxy */ = {
			isa = PBXContainerItemProxy;
			containerPortal = 80855F9019BFAA36006601C7 /* Project object */;
			proxyType = 1;
			remoteGlobalIDString = 80855F9719BFAA36006601C7;
			remoteInfo = BridgeSDKSample;
		};
/* End PBXContainerItemProxy section */

/* Begin PBXCopyFilesBuildPhase section */
		800E79C019F1B37700EEE612 /* Embed Frameworks */ = {
			isa = PBXCopyFilesBuildPhase;
			buildActionMask = 2147483647;
			dstPath = "";
			dstSubfolderSpec = 10;
			files = (
				800E79BD19F1B37600EEE612 /* BridgeSDK.framework in Embed Frameworks */,
			);
			name = "Embed Frameworks";
			runOnlyForDeploymentPostprocessing = 0;
		};
/* End PBXCopyFilesBuildPhase section */

/* Begin PBXFileReference section */
		60CAA6F41AFABA8B00DE3305 /* Tasks.storyboard */ = {isa = PBXFileReference; fileEncoding = 4; lastKnownFileType = file.storyboard; path = Tasks.storyboard; sourceTree = "<group>"; };
		60CAA6FE1AFAD4EB00DE3305 /* TasksTableViewController.h */ = {isa = PBXFileReference; fileEncoding = 4; lastKnownFileType = sourcecode.c.h; path = TasksTableViewController.h; sourceTree = "<group>"; };
		60CAA6FF1AFAD4EB00DE3305 /* TasksTableViewController.m */ = {isa = PBXFileReference; fileEncoding = 4; lastKnownFileType = sourcecode.c.objc; path = TasksTableViewController.m; sourceTree = "<group>"; };
		60CAA7011AFAD50F00DE3305 /* TaskViewController.h */ = {isa = PBXFileReference; fileEncoding = 4; lastKnownFileType = sourcecode.c.h; path = TaskViewController.h; sourceTree = "<group>"; };
		60CAA7021AFAD50F00DE3305 /* TaskViewController.m */ = {isa = PBXFileReference; fileEncoding = 4; lastKnownFileType = sourcecode.c.objc; path = TaskViewController.m; sourceTree = "<group>"; };
		60CAA70B1AFD2DE900DE3305 /* TasksViewController.h */ = {isa = PBXFileReference; fileEncoding = 4; lastKnownFileType = sourcecode.c.h; path = TasksViewController.h; sourceTree = "<group>"; };
		60CAA70C1AFD2DE900DE3305 /* TasksViewController.m */ = {isa = PBXFileReference; fileEncoding = 4; lastKnownFileType = sourcecode.c.objc; path = TasksViewController.m; sourceTree = "<group>"; };
		60F1E4271A424E6E009B380E /* ActivitiesTableViewController.h */ = {isa = PBXFileReference; fileEncoding = 4; lastKnownFileType = sourcecode.c.h; path = ActivitiesTableViewController.h; sourceTree = "<group>"; };
		60F1E4281A424E6E009B380E /* ActivitiesTableViewController.m */ = {isa = PBXFileReference; fileEncoding = 4; lastKnownFileType = sourcecode.c.objc; path = ActivitiesTableViewController.m; sourceTree = "<group>"; };
		60F1E42E1A425D8F009B380E /* ActivityViewController.h */ = {isa = PBXFileReference; fileEncoding = 4; lastKnownFileType = sourcecode.c.h; path = ActivityViewController.h; sourceTree = "<group>"; };
		60F1E42F1A425D8F009B380E /* ActivityViewController.m */ = {isa = PBXFileReference; fileEncoding = 4; lastKnownFileType = sourcecode.c.objc; path = ActivityViewController.m; sourceTree = "<group>"; };
		8009F9E31ACB461700698B50 /* Base */ = {isa = PBXFileReference; lastKnownFileType = file.storyboard; name = Base; path = Base.lproj/Consent.storyboard; sourceTree = "<group>"; };
		8009F9EC1ACB47C400698B50 /* ConsentViewController.h */ = {isa = PBXFileReference; fileEncoding = 4; lastKnownFileType = sourcecode.c.h; path = ConsentViewController.h; sourceTree = "<group>"; };
		8009F9ED1ACB47C400698B50 /* ConsentViewController.m */ = {isa = PBXFileReference; fileEncoding = 4; lastKnownFileType = sourcecode.c.objc; path = ConsentViewController.m; sourceTree = "<group>"; };
		800E798B19EDE22300EEE612 /* Base */ = {isa = PBXFileReference; lastKnownFileType = file.storyboard; name = Base; path = Base.lproj/Survey.storyboard; sourceTree = "<group>"; };
		800E798D19EDE25600EEE612 /* SurveyViewController.h */ = {isa = PBXFileReference; fileEncoding = 4; lastKnownFileType = sourcecode.c.h; path = SurveyViewController.h; sourceTree = "<group>"; };
		800E798E19EDE25600EEE612 /* SurveyViewController.m */ = {isa = PBXFileReference; fileEncoding = 4; lastKnownFileType = sourcecode.c.objc; path = SurveyViewController.m; sourceTree = "<group>"; };
		800E79AA19F1987F00EEE612 /* cat.jpg */ = {isa = PBXFileReference; lastKnownFileType = image.jpeg; path = cat.jpg; sourceTree = SOURCE_ROOT; };
		8053B62019FEF2D900A2E6C4 /* Base */ = {isa = PBXFileReference; lastKnownFileType = file.storyboard; name = Base; path = Base.lproj/Schedule.storyboard; sourceTree = "<group>"; };
		8053B62619FEF30D00A2E6C4 /* ScheduleViewController.h */ = {isa = PBXFileReference; fileEncoding = 4; lastKnownFileType = sourcecode.c.h; path = ScheduleViewController.h; sourceTree = "<group>"; };
		8053B62719FEF30D00A2E6C4 /* ScheduleViewController.m */ = {isa = PBXFileReference; fileEncoding = 4; lastKnownFileType = sourcecode.c.objc; path = ScheduleViewController.m; sourceTree = "<group>"; };
		8053B62919FEF69900A2E6C4 /* SchedulesTableViewController.h */ = {isa = PBXFileReference; fileEncoding = 4; lastKnownFileType = sourcecode.c.h; path = SchedulesTableViewController.h; sourceTree = "<group>"; };
		8053B62A19FEF69900A2E6C4 /* SchedulesTableViewController.m */ = {isa = PBXFileReference; fileEncoding = 4; lastKnownFileType = sourcecode.c.objc; path = SchedulesTableViewController.m; sourceTree = "<group>"; };
		80855F9819BFAA36006601C7 /* BridgeSDKSample.app */ = {isa = PBXFileReference; explicitFileType = wrapper.application; includeInIndex = 0; path = BridgeSDKSample.app; sourceTree = BUILT_PRODUCTS_DIR; };
		80855F9C19BFAA36006601C7 /* Info.plist */ = {isa = PBXFileReference; lastKnownFileType = text.plist.xml; path = Info.plist; sourceTree = "<group>"; };
		80855F9D19BFAA36006601C7 /* main.m */ = {isa = PBXFileReference; lastKnownFileType = sourcecode.c.objc; path = main.m; sourceTree = "<group>"; };
		80855FAC19BFAA36006601C7 /* Base */ = {isa = PBXFileReference; lastKnownFileType = file.storyboard; name = Base; path = Base.lproj/Main.storyboard; sourceTree = "<group>"; };
		80855FAE19BFAA36006601C7 /* Images.xcassets */ = {isa = PBXFileReference; lastKnownFileType = folder.assetcatalog; path = Images.xcassets; sourceTree = "<group>"; };
		80855FB419BFAA36006601C7 /* BridgeSDKSampleTests.xctest */ = {isa = PBXFileReference; explicitFileType = wrapper.cfbundle; includeInIndex = 0; path = BridgeSDKSampleTests.xctest; sourceTree = BUILT_PRODUCTS_DIR; };
		80855FB919BFAA36006601C7 /* Info.plist */ = {isa = PBXFileReference; lastKnownFileType = text.plist.xml; path = Info.plist; sourceTree = "<group>"; };
		80855FBA19BFAA36006601C7 /* BridgeSDKSampleTests.m */ = {isa = PBXFileReference; lastKnownFileType = sourcecode.c.objc; path = BridgeSDKSampleTests.m; sourceTree = "<group>"; };
		80855FC419BFAA55006601C7 /* BridgeSDK.xcodeproj */ = {isa = PBXFileReference; lastKnownFileType = "wrapper.pb-project"; name = BridgeSDK.xcodeproj; path = ../BridgeSDK.xcodeproj; sourceTree = SOURCE_ROOT; };
		809BE5AD19DB49C500A8E72F /* UserProfileViewController.h */ = {isa = PBXFileReference; fileEncoding = 4; lastKnownFileType = sourcecode.c.h; path = UserProfileViewController.h; sourceTree = "<group>"; };
		809BE5AE19DB49C500A8E72F /* UserProfileViewController.m */ = {isa = PBXFileReference; fileEncoding = 4; lastKnownFileType = sourcecode.c.objc; path = UserProfileViewController.m; sourceTree = "<group>"; };
		809BE5B419DB4A9E00A8E72F /* Base */ = {isa = PBXFileReference; lastKnownFileType = file.storyboard; name = Base; path = Base.lproj/UserProfile.storyboard; sourceTree = "<group>"; };
		80A7318419C9D3F9007FE828 /* Base */ = {isa = PBXFileReference; lastKnownFileType = file.storyboard; name = Base; path = Base.lproj/SignUpSignIn.storyboard; sourceTree = "<group>"; };
		80A7318719C9D61E007FE828 /* SignUpSignInViewController.h */ = {isa = PBXFileReference; fileEncoding = 4; lastKnownFileType = sourcecode.c.h; path = SignUpSignInViewController.h; sourceTree = "<group>"; };
		80A7318819C9D61E007FE828 /* SignUpSignInViewController.m */ = {isa = PBXFileReference; fileEncoding = 4; lastKnownFileType = sourcecode.c.objc; path = SignUpSignInViewController.m; sourceTree = "<group>"; };
		D4FA38051A2B14AC00E7CF1E /* sample-signature.png */ = {isa = PBXFileReference; lastKnownFileType = image.png; path = "sample-signature.png"; sourceTree = SOURCE_ROOT; };
		F5AF857A19F970700007296A /* ViewController.h */ = {isa = PBXFileReference; fileEncoding = 4; lastKnownFileType = sourcecode.c.h; path = ViewController.h; sourceTree = "<group>"; };
		F5AF857B19F970700007296A /* ViewController.m */ = {isa = PBXFileReference; fileEncoding = 4; lastKnownFileType = sourcecode.c.objc; path = ViewController.m; sourceTree = "<group>"; };
		F5AF857D19F9708A0007296A /* AppDelegate.h */ = {isa = PBXFileReference; fileEncoding = 4; lastKnownFileType = sourcecode.c.h; path = AppDelegate.h; sourceTree = "<group>"; };
		F5AF857E19F9708A0007296A /* AppDelegate.m */ = {isa = PBXFileReference; fileEncoding = 4; lastKnownFileType = sourcecode.c.objc; path = AppDelegate.m; sourceTree = "<group>"; };
/* End PBXFileReference section */

/* Begin PBXFrameworksBuildPhase section */
		80855F9519BFAA36006601C7 /* Frameworks */ = {
			isa = PBXFrameworksBuildPhase;
			buildActionMask = 2147483647;
			files = (
				800E79BC19F1B37600EEE612 /* BridgeSDK.framework in Frameworks */,
			);
			runOnlyForDeploymentPostprocessing = 0;
		};
		80855FB119BFAA36006601C7 /* Frameworks */ = {
			isa = PBXFrameworksBuildPhase;
			buildActionMask = 2147483647;
			files = (
			);
			runOnlyForDeploymentPostprocessing = 0;
		};
/* End PBXFrameworksBuildPhase section */

/* Begin PBXGroup section */
		800E799E19F18DB200EEE612 /* Products */ = {
			isa = PBXGroup;
			children = (
				800E79A519F18DB200EEE612 /* BridgeSDK.framework */,
				800E79A719F18DB200EEE612 /* BridgeSDKTests.xctest */,
			);
			name = Products;
			sourceTree = "<group>";
		};
		80855F8F19BFAA36006601C7 = {
			isa = PBXGroup;
			children = (
				80855FC419BFAA55006601C7 /* BridgeSDK.xcodeproj */,
				80855F9A19BFAA36006601C7 /* BridgeSDKSample */,
				80855FB719BFAA36006601C7 /* BridgeSDKSampleTests */,
				80855F9919BFAA36006601C7 /* Products */,
			);
			sourceTree = "<group>";
		};
		80855F9919BFAA36006601C7 /* Products */ = {
			isa = PBXGroup;
			children = (
				80855F9819BFAA36006601C7 /* BridgeSDKSample.app */,
				80855FB419BFAA36006601C7 /* BridgeSDKSampleTests.xctest */,
			);
			name = Products;
			sourceTree = "<group>";
		};
		80855F9A19BFAA36006601C7 /* BridgeSDKSample */ = {
			isa = PBXGroup;
			children = (
				F5AF857D19F9708A0007296A /* AppDelegate.h */,
				F5AF857E19F9708A0007296A /* AppDelegate.m */,
				F5AF857A19F970700007296A /* ViewController.h */,
				F5AF857B19F970700007296A /* ViewController.m */,
				80855FAB19BFAA36006601C7 /* Main.storyboard */,
				80A7318319C9D3F8007FE828 /* SignUpSignIn.storyboard */,
				809BE5B319DB4A9E00A8E72F /* UserProfile.storyboard */,
				8009F9E21ACB461700698B50 /* Consent.storyboard */,
				800E798A19EDE22300EEE612 /* Survey.storyboard */,
				8053B61F19FEF2D900A2E6C4 /* Schedule.storyboard */,
				60CAA6F41AFABA8B00DE3305 /* Tasks.storyboard */,
				80A7318719C9D61E007FE828 /* SignUpSignInViewController.h */,
				80A7318819C9D61E007FE828 /* SignUpSignInViewController.m */,
				809BE5AD19DB49C500A8E72F /* UserProfileViewController.h */,
				809BE5AE19DB49C500A8E72F /* UserProfileViewController.m */,
				8009F9EC1ACB47C400698B50 /* ConsentViewController.h */,
				8009F9ED1ACB47C400698B50 /* ConsentViewController.m */,
				800E798D19EDE25600EEE612 /* SurveyViewController.h */,
				800E798E19EDE25600EEE612 /* SurveyViewController.m */,
				8053B62619FEF30D00A2E6C4 /* ScheduleViewController.h */,
				8053B62719FEF30D00A2E6C4 /* ScheduleViewController.m */,
				8053B62919FEF69900A2E6C4 /* SchedulesTableViewController.h */,
				8053B62A19FEF69900A2E6C4 /* SchedulesTableViewController.m */,
				60CAA70B1AFD2DE900DE3305 /* TasksViewController.h */,
				60CAA70C1AFD2DE900DE3305 /* TasksViewController.m */,
				60CAA6FE1AFAD4EB00DE3305 /* TasksTableViewController.h */,
				60CAA6FF1AFAD4EB00DE3305 /* TasksTableViewController.m */,
				60CAA7011AFAD50F00DE3305 /* TaskViewController.h */,
				60CAA7021AFAD50F00DE3305 /* TaskViewController.m */,
				60F1E4271A424E6E009B380E /* ActivitiesTableViewController.h */,
				60F1E4281A424E6E009B380E /* ActivitiesTableViewController.m */,
				60F1E42E1A425D8F009B380E /* ActivityViewController.h */,
				60F1E42F1A425D8F009B380E /* ActivityViewController.m */,
				80855FAE19BFAA36006601C7 /* Images.xcassets */,
				800E79AA19F1987F00EEE612 /* cat.jpg */,
				D4FA38051A2B14AC00E7CF1E /* sample-signature.png */,
				80855F9B19BFAA36006601C7 /* Supporting Files */,
			);
			path = BridgeSDKSample;
			sourceTree = "<group>";
		};
		80855F9B19BFAA36006601C7 /* Supporting Files */ = {
			isa = PBXGroup;
			children = (
				80855F9C19BFAA36006601C7 /* Info.plist */,
				80855F9D19BFAA36006601C7 /* main.m */,
			);
			name = "Supporting Files";
			sourceTree = "<group>";
		};
		80855FB719BFAA36006601C7 /* BridgeSDKSampleTests */ = {
			isa = PBXGroup;
			children = (
				80855FBA19BFAA36006601C7 /* BridgeSDKSampleTests.m */,
				80855FB819BFAA36006601C7 /* Supporting Files */,
			);
			path = BridgeSDKSampleTests;
			sourceTree = "<group>";
		};
		80855FB819BFAA36006601C7 /* Supporting Files */ = {
			isa = PBXGroup;
			children = (
				80855FB919BFAA36006601C7 /* Info.plist */,
			);
			name = "Supporting Files";
			sourceTree = "<group>";
		};
/* End PBXGroup section */

/* Begin PBXNativeTarget section */
		80855F9719BFAA36006601C7 /* BridgeSDKSample */ = {
			isa = PBXNativeTarget;
			buildConfigurationList = 80855FBE19BFAA37006601C7 /* Build configuration list for PBXNativeTarget "BridgeSDKSample" */;
			buildPhases = (
				80855F9419BFAA36006601C7 /* Sources */,
				80855F9519BFAA36006601C7 /* Frameworks */,
				80855F9619BFAA36006601C7 /* Resources */,
				800E79C019F1B37700EEE612 /* Embed Frameworks */,
			);
			buildRules = (
			);
			dependencies = (
				800E79BA19F1B35F00EEE612 /* PBXTargetDependency */,
				800E79BF19F1B37700EEE612 /* PBXTargetDependency */,
			);
			name = BridgeSDKSample;
			productName = BridgeSDKSample;
			productReference = 80855F9819BFAA36006601C7 /* BridgeSDKSample.app */;
			productType = "com.apple.product-type.application";
		};
		80855FB319BFAA36006601C7 /* BridgeSDKSampleTests */ = {
			isa = PBXNativeTarget;
			buildConfigurationList = 80855FC119BFAA37006601C7 /* Build configuration list for PBXNativeTarget "BridgeSDKSampleTests" */;
			buildPhases = (
				80855FB019BFAA36006601C7 /* Sources */,
				80855FB119BFAA36006601C7 /* Frameworks */,
				80855FB219BFAA36006601C7 /* Resources */,
			);
			buildRules = (
			);
			dependencies = (
				80855FB619BFAA36006601C7 /* PBXTargetDependency */,
			);
			name = BridgeSDKSampleTests;
			productName = BridgeSDKSampleTests;
			productReference = 80855FB419BFAA36006601C7 /* BridgeSDKSampleTests.xctest */;
			productType = "com.apple.product-type.bundle.unit-test";
		};
/* End PBXNativeTarget section */

/* Begin PBXProject section */
		80855F9019BFAA36006601C7 /* Project object */ = {
			isa = PBXProject;
			attributes = {
				LastUpgradeCheck = 0600;
				ORGANIZATIONNAME = "Sage Bionetworks";
				TargetAttributes = {
					80855F9719BFAA36006601C7 = {
						CreatedOnToolsVersion = 6.0;
						DevelopmentTeam = KA9Z8R6M6K;
					};
					80855FB319BFAA36006601C7 = {
						CreatedOnToolsVersion = 6.0;
						TestTargetID = 80855F9719BFAA36006601C7;
					};
				};
			};
			buildConfigurationList = 80855F9319BFAA36006601C7 /* Build configuration list for PBXProject "BridgeSDKSample" */;
			compatibilityVersion = "Xcode 3.2";
			developmentRegion = English;
			hasScannedForEncodings = 0;
			knownRegions = (
				en,
				Base,
			);
			mainGroup = 80855F8F19BFAA36006601C7;
			productRefGroup = 80855F9919BFAA36006601C7 /* Products */;
			projectDirPath = "";
			projectReferences = (
				{
					ProductGroup = 800E799E19F18DB200EEE612 /* Products */;
					ProjectRef = 80855FC419BFAA55006601C7 /* BridgeSDK.xcodeproj */;
				},
			);
			projectRoot = "";
			targets = (
				80855F9719BFAA36006601C7 /* BridgeSDKSample */,
				80855FB319BFAA36006601C7 /* BridgeSDKSampleTests */,
			);
		};
/* End PBXProject section */

/* Begin PBXReferenceProxy section */
		800E79A519F18DB200EEE612 /* BridgeSDK.framework */ = {
			isa = PBXReferenceProxy;
			fileType = wrapper.framework;
			path = BridgeSDK.framework;
			remoteRef = 800E79A419F18DB200EEE612 /* PBXContainerItemProxy */;
			sourceTree = BUILT_PRODUCTS_DIR;
		};
		800E79A719F18DB200EEE612 /* BridgeSDKTests.xctest */ = {
			isa = PBXReferenceProxy;
			fileType = wrapper.cfbundle;
			path = BridgeSDKTests.xctest;
			remoteRef = 800E79A619F18DB200EEE612 /* PBXContainerItemProxy */;
			sourceTree = BUILT_PRODUCTS_DIR;
		};
/* End PBXReferenceProxy section */

/* Begin PBXResourcesBuildPhase section */
		80855F9619BFAA36006601C7 /* Resources */ = {
			isa = PBXResourcesBuildPhase;
			buildActionMask = 2147483647;
			files = (
				D4FA38061A2B14AC00E7CF1E /* sample-signature.png in Resources */,
				8053B62119FEF2D900A2E6C4 /* Schedule.storyboard in Resources */,
				800E79B219F1B1FE00EEE612 /* Main.storyboard in Resources */,
				800E79B319F1B1FE00EEE612 /* SignUpSignIn.storyboard in Resources */,
				8009F9E41ACB461700698B50 /* Consent.storyboard in Resources */,
				800E79B419F1B1FE00EEE612 /* UserProfile.storyboard in Resources */,
				800E79B519F1B1FE00EEE612 /* Survey.storyboard in Resources */,
				800E79AB19F1987F00EEE612 /* cat.jpg in Resources */,
				80855FAF19BFAA36006601C7 /* Images.xcassets in Resources */,
				60CAA6F51AFABA8B00DE3305 /* Tasks.storyboard in Resources */,
			);
			runOnlyForDeploymentPostprocessing = 0;
		};
		80855FB219BFAA36006601C7 /* Resources */ = {
			isa = PBXResourcesBuildPhase;
			buildActionMask = 2147483647;
			files = (
			);
			runOnlyForDeploymentPostprocessing = 0;
		};
/* End PBXResourcesBuildPhase section */

/* Begin PBXSourcesBuildPhase section */
		80855F9419BFAA36006601C7 /* Sources */ = {
			isa = PBXSourcesBuildPhase;
			buildActionMask = 2147483647;
			files = (
				808822881A01993A003E78BF /* SchedulesTableViewController.m in Sources */,
				F5AF857C19F970700007296A /* ViewController.m in Sources */,
				8009F9EE1ACB47C400698B50 /* ConsentViewController.m in Sources */,
				60CAA70D1AFD2DE900DE3305 /* TasksViewController.m in Sources */,
				60CAA7031AFAD50F00DE3305 /* TaskViewController.m in Sources */,
				80A7318919C9D61E007FE828 /* SignUpSignInViewController.m in Sources */,
				F5AF857F19F9708A0007296A /* AppDelegate.m in Sources */,
				60F1E4291A424E6E009B380E /* ActivitiesTableViewController.m in Sources */,
				80855F9E19BFAA36006601C7 /* main.m in Sources */,
				800E798F19EDE25600EEE612 /* SurveyViewController.m in Sources */,
				8053B62819FEF30D00A2E6C4 /* ScheduleViewController.m in Sources */,
				809BE5AF19DB49C500A8E72F /* UserProfileViewController.m in Sources */,
				60CAA7001AFAD4EB00DE3305 /* TasksTableViewController.m in Sources */,
				60F1E4301A425D8F009B380E /* ActivityViewController.m in Sources */,
			);
			runOnlyForDeploymentPostprocessing = 0;
		};
		80855FB019BFAA36006601C7 /* Sources */ = {
			isa = PBXSourcesBuildPhase;
			buildActionMask = 2147483647;
			files = (
				80855FBB19BFAA36006601C7 /* BridgeSDKSampleTests.m in Sources */,
			);
			runOnlyForDeploymentPostprocessing = 0;
		};
/* End PBXSourcesBuildPhase section */

/* Begin PBXTargetDependency section */
		800E79BA19F1B35F00EEE612 /* PBXTargetDependency */ = {
			isa = PBXTargetDependency;
			name = BridgeSDK;
			targetProxy = 800E79B919F1B35F00EEE612 /* PBXContainerItemProxy */;
		};
		800E79BF19F1B37700EEE612 /* PBXTargetDependency */ = {
			isa = PBXTargetDependency;
			name = BridgeSDK;
			targetProxy = 800E79BE19F1B37700EEE612 /* PBXContainerItemProxy */;
		};
		80855FB619BFAA36006601C7 /* PBXTargetDependency */ = {
			isa = PBXTargetDependency;
			target = 80855F9719BFAA36006601C7 /* BridgeSDKSample */;
			targetProxy = 80855FB519BFAA36006601C7 /* PBXContainerItemProxy */;
		};
/* End PBXTargetDependency section */

/* Begin PBXVariantGroup section */
		8009F9E21ACB461700698B50 /* Consent.storyboard */ = {
			isa = PBXVariantGroup;
			children = (
				8009F9E31ACB461700698B50 /* Base */,
			);
			name = Consent.storyboard;
			sourceTree = "<group>";
		};
		800E798A19EDE22300EEE612 /* Survey.storyboard */ = {
			isa = PBXVariantGroup;
			children = (
				800E798B19EDE22300EEE612 /* Base */,
			);
			name = Survey.storyboard;
			sourceTree = "<group>";
		};
		8053B61F19FEF2D900A2E6C4 /* Schedule.storyboard */ = {
			isa = PBXVariantGroup;
			children = (
				8053B62019FEF2D900A2E6C4 /* Base */,
			);
			name = Schedule.storyboard;
			sourceTree = "<group>";
		};
		80855FAB19BFAA36006601C7 /* Main.storyboard */ = {
			isa = PBXVariantGroup;
			children = (
				80855FAC19BFAA36006601C7 /* Base */,
			);
			name = Main.storyboard;
			sourceTree = "<group>";
		};
		809BE5B319DB4A9E00A8E72F /* UserProfile.storyboard */ = {
			isa = PBXVariantGroup;
			children = (
				809BE5B419DB4A9E00A8E72F /* Base */,
			);
			name = UserProfile.storyboard;
			sourceTree = "<group>";
		};
		80A7318319C9D3F8007FE828 /* SignUpSignIn.storyboard */ = {
			isa = PBXVariantGroup;
			children = (
				80A7318419C9D3F9007FE828 /* Base */,
			);
			name = SignUpSignIn.storyboard;
			sourceTree = "<group>";
		};
/* End PBXVariantGroup section */

/* Begin XCBuildConfiguration section */
		80855FBC19BFAA37006601C7 /* Debug */ = {
			isa = XCBuildConfiguration;
			buildSettings = {
				ALWAYS_SEARCH_USER_PATHS = NO;
				CLANG_CXX_LANGUAGE_STANDARD = "gnu++0x";
				CLANG_CXX_LIBRARY = "libc++";
				CLANG_ENABLE_MODULES = YES;
				CLANG_ENABLE_OBJC_ARC = YES;
				CLANG_WARN_BOOL_CONVERSION = YES;
				CLANG_WARN_CONSTANT_CONVERSION = YES;
				CLANG_WARN_DIRECT_OBJC_ISA_USAGE = YES_ERROR;
				CLANG_WARN_EMPTY_BODY = YES;
				CLANG_WARN_ENUM_CONVERSION = YES;
				CLANG_WARN_INT_CONVERSION = YES;
				CLANG_WARN_OBJC_ROOT_CLASS = YES_ERROR;
				CLANG_WARN_UNREACHABLE_CODE = YES;
				CLANG_WARN__DUPLICATE_METHOD_MATCH = YES;
				"CODE_SIGN_IDENTITY[sdk=iphoneos*]" = "iPhone Developer";
				COPY_PHASE_STRIP = NO;
				ENABLE_STRICT_OBJC_MSGSEND = YES;
				GCC_C_LANGUAGE_STANDARD = gnu99;
				GCC_DYNAMIC_NO_PIC = NO;
				GCC_OPTIMIZATION_LEVEL = 0;
				GCC_PREPROCESSOR_DEFINITIONS = (
					"DEBUG=1",
					"$(inherited)",
				);
				GCC_SYMBOLS_PRIVATE_EXTERN = NO;
				GCC_WARN_64_TO_32_BIT_CONVERSION = YES;
				GCC_WARN_ABOUT_RETURN_TYPE = YES_ERROR;
				GCC_WARN_UNDECLARED_SELECTOR = YES;
				GCC_WARN_UNINITIALIZED_AUTOS = YES_AGGRESSIVE;
				GCC_WARN_UNUSED_FUNCTION = YES;
				GCC_WARN_UNUSED_VARIABLE = YES;
				IPHONEOS_DEPLOYMENT_TARGET = 8.0;
				MTL_ENABLE_DEBUG_INFO = YES;
				ONLY_ACTIVE_ARCH = YES;
				SDKROOT = iphoneos;
				TARGETED_DEVICE_FAMILY = "1,2";
			};
			name = Debug;
		};
		80855FBD19BFAA37006601C7 /* Release */ = {
			isa = XCBuildConfiguration;
			buildSettings = {
				ALWAYS_SEARCH_USER_PATHS = NO;
				CLANG_CXX_LANGUAGE_STANDARD = "gnu++0x";
				CLANG_CXX_LIBRARY = "libc++";
				CLANG_ENABLE_MODULES = YES;
				CLANG_ENABLE_OBJC_ARC = YES;
				CLANG_WARN_BOOL_CONVERSION = YES;
				CLANG_WARN_CONSTANT_CONVERSION = YES;
				CLANG_WARN_DIRECT_OBJC_ISA_USAGE = YES_ERROR;
				CLANG_WARN_EMPTY_BODY = YES;
				CLANG_WARN_ENUM_CONVERSION = YES;
				CLANG_WARN_INT_CONVERSION = YES;
				CLANG_WARN_OBJC_ROOT_CLASS = YES_ERROR;
				CLANG_WARN_UNREACHABLE_CODE = YES;
				CLANG_WARN__DUPLICATE_METHOD_MATCH = YES;
				"CODE_SIGN_IDENTITY[sdk=iphoneos*]" = "iPhone Developer";
				COPY_PHASE_STRIP = YES;
				ENABLE_NS_ASSERTIONS = NO;
				ENABLE_STRICT_OBJC_MSGSEND = YES;
				GCC_C_LANGUAGE_STANDARD = gnu99;
				GCC_WARN_64_TO_32_BIT_CONVERSION = YES;
				GCC_WARN_ABOUT_RETURN_TYPE = YES_ERROR;
				GCC_WARN_UNDECLARED_SELECTOR = YES;
				GCC_WARN_UNINITIALIZED_AUTOS = YES_AGGRESSIVE;
				GCC_WARN_UNUSED_FUNCTION = YES;
				GCC_WARN_UNUSED_VARIABLE = YES;
				IPHONEOS_DEPLOYMENT_TARGET = 8.0;
				MTL_ENABLE_DEBUG_INFO = NO;
				SDKROOT = iphoneos;
				TARGETED_DEVICE_FAMILY = "1,2";
				VALIDATE_PRODUCT = YES;
			};
			name = Release;
		};
		80855FBF19BFAA37006601C7 /* Debug */ = {
			isa = XCBuildConfiguration;
			buildSettings = {
				ASSETCATALOG_COMPILER_APPICON_NAME = AppIcon;
				ASSETCATALOG_COMPILER_LAUNCHIMAGE_NAME = LaunchImage;
				CODE_SIGN_IDENTITY = "iPhone Developer";
				"CODE_SIGN_IDENTITY[sdk=iphoneos*]" = "iPhone Developer";
				INFOPLIST_FILE = BridgeSDKSample/Info.plist;
				LD_RUNPATH_SEARCH_PATHS = "$(inherited) @executable_path/Frameworks";
				PRODUCT_NAME = "$(TARGET_NAME)";
				PROVISIONING_PROFILE = "";
			};
			name = Debug;
		};
		80855FC019BFAA37006601C7 /* Release */ = {
			isa = XCBuildConfiguration;
			buildSettings = {
				ASSETCATALOG_COMPILER_APPICON_NAME = AppIcon;
				ASSETCATALOG_COMPILER_LAUNCHIMAGE_NAME = LaunchImage;
				CODE_SIGN_IDENTITY = "iPhone Developer";
				"CODE_SIGN_IDENTITY[sdk=iphoneos*]" = "iPhone Developer";
				INFOPLIST_FILE = BridgeSDKSample/Info.plist;
				LD_RUNPATH_SEARCH_PATHS = "$(inherited) @executable_path/Frameworks";
				PRODUCT_NAME = "$(TARGET_NAME)";
				PROVISIONING_PROFILE = "";
			};
			name = Release;
		};
		80855FC219BFAA37006601C7 /* Debug */ = {
			isa = XCBuildConfiguration;
			buildSettings = {
				BUNDLE_LOADER = "$(TEST_HOST)";
				FRAMEWORK_SEARCH_PATHS = (
					"$(SDKROOT)/Developer/Library/Frameworks",
					"$(inherited)",
				);
				GCC_PREPROCESSOR_DEFINITIONS = (
					"DEBUG=1",
					"$(inherited)",
				);
				INFOPLIST_FILE = BridgeSDKSampleTests/Info.plist;
				LD_RUNPATH_SEARCH_PATHS = "$(inherited) @executable_path/Frameworks @loader_path/Frameworks";
				PRODUCT_NAME = "$(TARGET_NAME)";
				TEST_HOST = "$(BUILT_PRODUCTS_DIR)/BridgeSDKSample.app/BridgeSDKSample";
			};
			name = Debug;
		};
		80855FC319BFAA37006601C7 /* Release */ = {
			isa = XCBuildConfiguration;
			buildSettings = {
				BUNDLE_LOADER = "$(TEST_HOST)";
				FRAMEWORK_SEARCH_PATHS = (
					"$(SDKROOT)/Developer/Library/Frameworks",
					"$(inherited)",
				);
				INFOPLIST_FILE = BridgeSDKSampleTests/Info.plist;
				LD_RUNPATH_SEARCH_PATHS = "$(inherited) @executable_path/Frameworks @loader_path/Frameworks";
				PRODUCT_NAME = "$(TARGET_NAME)";
				TEST_HOST = "$(BUILT_PRODUCTS_DIR)/BridgeSDKSample.app/BridgeSDKSample";
			};
			name = Release;
		};
/* End XCBuildConfiguration section */

/* Begin XCConfigurationList section */
		80855F9319BFAA36006601C7 /* Build configuration list for PBXProject "BridgeSDKSample" */ = {
			isa = XCConfigurationList;
			buildConfigurations = (
				80855FBC19BFAA37006601C7 /* Debug */,
				80855FBD19BFAA37006601C7 /* Release */,
			);
			defaultConfigurationIsVisible = 0;
			defaultConfigurationName = Release;
		};
		80855FBE19BFAA37006601C7 /* Build configuration list for PBXNativeTarget "BridgeSDKSample" */ = {
			isa = XCConfigurationList;
			buildConfigurations = (
				80855FBF19BFAA37006601C7 /* Debug */,
				80855FC019BFAA37006601C7 /* Release */,
			);
			defaultConfigurationIsVisible = 0;
			defaultConfigurationName = Release;
		};
		80855FC119BFAA37006601C7 /* Build configuration list for PBXNativeTarget "BridgeSDKSampleTests" */ = {
			isa = XCConfigurationList;
			buildConfigurations = (
				80855FC219BFAA37006601C7 /* Debug */,
				80855FC319BFAA37006601C7 /* Release */,
			);
			defaultConfigurationIsVisible = 0;
			defaultConfigurationName = Release;
		};
/* End XCConfigurationList section */
	};
	rootObject = 80855F9019BFAA36006601C7 /* Project object */;
}
